
Microsoft Visual Studio Solution File, Format Version 12.00
# Visual Studio Version 17
VisualStudioVersion = 17.4.33213.308
MinimumVisualStudioVersion = 10.0.40219.1
Project("{9A19103F-16F7-4668-BE54-9A1E7A4F7556}") = "WebApp", "Dockria\WebApp.csproj", "{E4BDBA3C-0810-4F3A-A133-8F7FA7B4119F}"
EndProject
Project("{9A19103F-16F7-4668-BE54-9A1E7A4F7556}") = "Domain", "Domain\Domain.csproj", "{12103484-E38D-47C0-8391-FB2AE02DF04A}"
EndProject
Project("{9A19103F-16F7-4668-BE54-9A1E7A4F7556}") = "Application", "Application\Application.csproj", "{73F2F344-8FB7-408F-87B7-300FD197BC14}"
EndProject
Project("{9A19103F-16F7-4668-BE54-9A1E7A4F7556}") = "Infrastructure", "Infrastructure\Infrastructure.csproj", "{BCCE8EB1-A364-4E5B-93EE-08C737DB4072}"
EndProject
Global
	GlobalSection(SolutionConfigurationPlatforms) = preSolution
		Debug|Any CPU = Debug|Any CPU
		Release|Any CPU = Release|Any CPU
	EndGlobalSection
	GlobalSection(ProjectConfigurationPlatforms) = postSolution
		{E4BDBA3C-0810-4F3A-A133-8F7FA7B4119F}.Debug|Any CPU.ActiveCfg = Debug|Any CPU
		{E4BDBA3C-0810-4F3A-A133-8F7FA7B4119F}.Debug|Any CPU.Build.0 = Debug|Any CPU
		{E4BDBA3C-0810-4F3A-A133-8F7FA7B4119F}.Release|Any CPU.ActiveCfg = Release|Any CPU
		{E4BDBA3C-0810-4F3A-A133-8F7FA7B4119F}.Release|Any CPU.Build.0 = Release|Any CPU
		{12103484-E38D-47C0-8391-FB2AE02DF04A}.Debug|Any CPU.ActiveCfg = Debug|Any CPU
		{12103484-E38D-47C0-8391-FB2AE02DF04A}.Debug|Any CPU.Build.0 = Debug|Any CPU
		{12103484-E38D-47C0-8391-FB2AE02DF04A}.Release|Any CPU.ActiveCfg = Release|Any CPU
		{12103484-E38D-47C0-8391-FB2AE02DF04A}.Release|Any CPU.Build.0 = Release|Any CPU
		{73F2F344-8FB7-408F-87B7-300FD197BC14}.Debug|Any CPU.ActiveCfg = Debug|Any CPU
		{73F2F344-8FB7-408F-87B7-300FD197BC14}.Debug|Any CPU.Build.0 = Debug|Any CPU
		{73F2F344-8FB7-408F-87B7-300FD197BC14}.Release|Any CPU.ActiveCfg = Release|Any CPU
		{73F2F344-8FB7-408F-87B7-300FD197BC14}.Release|Any CPU.Build.0 = Release|Any CPU
		{BCCE8EB1-A364-4E5B-93EE-08C737DB4072}.Debug|Any CPU.ActiveCfg = Debug|Any CPU
		{BCCE8EB1-A364-4E5B-93EE-08C737DB4072}.Debug|Any CPU.Build.0 = Debug|Any CPU
		{BCCE8EB1-A364-4E5B-93EE-08C737DB4072}.Release|Any CPU.ActiveCfg = Release|Any CPU
		{BCCE8EB1-A364-4E5B-93EE-08C737DB4072}.Release|Any CPU.Build.0 = Release|Any CPU
	EndGlobalSection
	GlobalSection(SolutionProperties) = preSolution
		HideSolutionNode = FALSE
	EndGlobalSection
	GlobalSection(ExtensibilityGlobals) = postSolution
		SolutionGuid = {C1D1C4F5-EFA7-4350-8A05-E73CF52A6762}
	EndGlobalSection
EndGlobal
